PODS:
  - Flutter (1.0.0)
  - icapps_fast_barcode_scanner (0.0.1):
    - Flutter
  - SwiftLint (0.43.1)

DEPENDENCIES:
  - Flutter (from `Flutter`)
  - icapps_fast_barcode_scanner (from `.symlinks/plugins/icapps_fast_barcode_scanner/ios`)
  - SwiftLint

SPEC REPOS:
  trunk:
    - SwiftLint

EXTERNAL SOURCES:
  Flutter:
    :path: Flutter
  icapps_fast_barcode_scanner:
    :path: ".symlinks/plugins/icapps_fast_barcode_scanner/ios"

SPEC CHECKSUMS:
  Flutter: e0871f40cf51350855a761d2e70bf5af5b9b5de7
  icapps_fast_barcode_scanner: 83cb3d2c2ff3dc3c15ac27d1c2f51cf6817e184a
  SwiftLint: 99f82d07b837b942dd563c668de129a03fc3fb52

PODFILE CHECKSUM: 6c9fb70112cb51ceae68cd775dd2fea79f8c6640

COCOAPODS: 1.15.2
